
Microsoft Visual Studio Solution File, Format Version 12.00
Project("{FAE04EC0-301F-11D3-BF4B-00C04F79EFBC}") = "Cw01", "Cw01\Cw01.csproj", "{1603940D-CA70-43EB-9A5E-0331ADA33D04}"
EndProject
Global
	GlobalSection(SolutionConfigurationPlatforms) = preSolution
		Debug|Any CPU = Debug|Any CPU
		Release|Any CPU = Release|Any CPU
	EndGlobalSection
	GlobalSection(ProjectConfigurationPlatforms) = postSolution
		{1603940D-CA70-43EB-9A5E-0331ADA33D04}.Debug|Any CPU.ActiveCfg = Debug|Any CPU
		{1603940D-CA70-43EB-9A5E-0331ADA33D04}.Debug|Any CPU.Build.0 = Debug|Any CPU
		{1603940D-CA70-43EB-9A5E-0331ADA33D04}.Release|Any CPU.ActiveCfg = Release|Any CPU
		{1603940D-CA70-43EB-9A5E-0331ADA33D04}.Release|Any CPU.Build.0 = Release|Any CPU
	EndGlobalSection
EndGlobal
